
Microsoft Visual Studio Solution File, Format Version 12.00
Project("{FAE04EC0-301F-11D3-BF4B-00C04F79EFBC}") = "AnimalApp", "AnimalApp\AnimalApp.csproj", "{627D22B3-F256-4225-B51C-D0DD6600D905}"
EndProject
Global
	GlobalSection(SolutionConfigurationPlatforms) = preSolution
		Debug|Any CPU = Debug|Any CPU
		Release|Any CPU = Release|Any CPU
	EndGlobalSection
	GlobalSection(ProjectConfigurationPlatforms) = postSolution
		{627D22B3-F256-4225-B51C-D0DD6600D905}.Debug|Any CPU.ActiveCfg = Debug|Any CPU
		{627D22B3-F256-4225-B51C-D0DD6600D905}.Debug|Any CPU.Build.0 = Debug|Any CPU
		{627D22B3-F256-4225-B51C-D0DD6600D905}.Release|Any CPU.ActiveCfg = Release|Any CPU
		{627D22B3-F256-4225-B51C-D0DD6600D905}.Release|Any CPU.Build.0 = Release|Any CPU
	EndGlobalSection
EndGlobal
